
Microsoft Visual Studio Solution File, Format Version 12.00
# Visual Studio Version 16
VisualStudioVersion = 16.0.29020.237
MinimumVisualStudioVersion = 10.0.40219.1
Project("{9A19103F-16F7-4668-BE54-9A1E7A4F7556}") = "01_SeedData", "01_SeedData\01_SeedData.csproj", "{B288387B-3E5A-4532-B8BE-7135D59EF0A3}"
EndProject
Project("{9A19103F-16F7-4668-BE54-9A1E7A4F7556}") = "00_Core", "00_Core\00_Core.csproj", "{F31B2A9E-A720-4647-822A-75BCA8B6F887}"
EndProject
Project("{9A19103F-16F7-4668-BE54-9A1E7A4F7556}") = "02_OwnsType", "02_OwnsType\02_OwnsType.csproj", "{12414497-2D16-427D-B056-8FF50BAD1B59}"
EndProject
Project("{9A19103F-16F7-4668-BE54-9A1E7A4F7556}") = "04_ShadowProperty", "03_ObjectMapping\04_ShadowProperty.csproj", "{21E8D70C-6412-4C0E-AD2A-4B2C2BFE4BAB}"
EndProject
Project("{9A19103F-16F7-4668-BE54-9A1E7A4F7556}") = "06_CompiledQueries", "04_CompiledQueries\06_CompiledQueries.csproj", "{6B153110-6EA5-4304-8CD4-90F766B32094}"
EndProject
Project("{9A19103F-16F7-4668-BE54-9A1E7A4F7556}") = "01_Batch", "05_LazyLoading\01_Batch.csproj", "{70B8EE5A-2C05-4DDF-8A3D-BC7E79C747EB}"
EndProject
Project("{9A19103F-16F7-4668-BE54-9A1E7A4F7556}") = "05_LoadNavProperties", "06_LoadNavProperties\05_LoadNavProperties.csproj", "{D130F15B-CA10-4A7E-B912-0EF925C7ABD5}"
EndProject
Project("{9A19103F-16F7-4668-BE54-9A1E7A4F7556}") = "03_Sql", "07_Sql\03_Sql.csproj", "{0A85AA92-B45E-4DDB-B0BF-8A403342DC46}"
EndProject
Project("{9A19103F-16F7-4668-BE54-9A1E7A4F7556}") = "03_GlobalQueryFilter", "08_GlobalQueryFilter\03_GlobalQueryFilter.csproj", "{80EB3FD7-E499-461A-9D80-9CEA0BDDF94B}"
EndProject
Project("{9A19103F-16F7-4668-BE54-9A1E7A4F7556}") = "02_ValueConvertor", "09_ValueConvertor\02_ValueConvertor.csproj", "{86AFB852-29B7-4FCD-AC8C-4202B8FEF07C}"
EndProject
Project("{9A19103F-16F7-4668-BE54-9A1E7A4F7556}") = "07_Many_To_Many", "10_Many_To_Many\07_Many_To_Many.csproj", "{D892B6BF-C8AF-45CD-AEFF-002975616457}"
EndProject
Project("{2150E333-8FDC-42A3-9474-1A3956D46DE8}") = "Modeling", "Modeling", "{081E304A-DEDD-4009-B620-F044127CF9C1}"
EndProject
Project("{2150E333-8FDC-42A3-9474-1A3956D46DE8}") = "Data", "Data", "{1A17EDC7-E02A-491E-8C02-F5D0CE4DF465}"
EndProject
Project("{9A19103F-16F7-4668-BE54-9A1E7A4F7556}") = "04_GroupBy", "04_GroupBy\04_GroupBy.csproj", "{E50F5ACA-1F90-4F00-8DFE-8AD589349533}"
EndProject
Global
	GlobalSection(SolutionConfigurationPlatforms) = preSolution
		Debug|Any CPU = Debug|Any CPU
		Release|Any CPU = Release|Any CPU
	EndGlobalSection
	GlobalSection(ProjectConfigurationPlatforms) = postSolution
		{B288387B-3E5A-4532-B8BE-7135D59EF0A3}.Debug|Any CPU.ActiveCfg = Debug|Any CPU
		{B288387B-3E5A-4532-B8BE-7135D59EF0A3}.Debug|Any CPU.Build.0 = Debug|Any CPU
		{B288387B-3E5A-4532-B8BE-7135D59EF0A3}.Release|Any CPU.ActiveCfg = Release|Any CPU
		{B288387B-3E5A-4532-B8BE-7135D59EF0A3}.Release|Any CPU.Build.0 = Release|Any CPU
		{F31B2A9E-A720-4647-822A-75BCA8B6F887}.Debug|Any CPU.ActiveCfg = Debug|Any CPU
		{F31B2A9E-A720-4647-822A-75BCA8B6F887}.Debug|Any CPU.Build.0 = Debug|Any CPU
		{F31B2A9E-A720-4647-822A-75BCA8B6F887}.Release|Any CPU.ActiveCfg = Release|Any CPU
		{F31B2A9E-A720-4647-822A-75BCA8B6F887}.Release|Any CPU.Build.0 = Release|Any CPU
		{12414497-2D16-427D-B056-8FF50BAD1B59}.Debug|Any CPU.ActiveCfg = Debug|Any CPU
		{12414497-2D16-427D-B056-8FF50BAD1B59}.Debug|Any CPU.Build.0 = Debug|Any CPU
		{12414497-2D16-427D-B056-8FF50BAD1B59}.Release|Any CPU.ActiveCfg = Release|Any CPU
		{12414497-2D16-427D-B056-8FF50BAD1B59}.Release|Any CPU.Build.0 = Release|Any CPU
		{21E8D70C-6412-4C0E-AD2A-4B2C2BFE4BAB}.Debug|Any CPU.ActiveCfg = Debug|Any CPU
		{21E8D70C-6412-4C0E-AD2A-4B2C2BFE4BAB}.Debug|Any CPU.Build.0 = Debug|Any CPU
		{21E8D70C-6412-4C0E-AD2A-4B2C2BFE4BAB}.Release|Any CPU.ActiveCfg = Release|Any CPU
		{21E8D70C-6412-4C0E-AD2A-4B2C2BFE4BAB}.Release|Any CPU.Build.0 = Release|Any CPU
		{6B153110-6EA5-4304-8CD4-90F766B32094}.Debug|Any CPU.ActiveCfg = Debug|Any CPU
		{6B153110-6EA5-4304-8CD4-90F766B32094}.Debug|Any CPU.Build.0 = Debug|Any CPU
		{6B153110-6EA5-4304-8CD4-90F766B32094}.Release|Any CPU.ActiveCfg = Release|Any CPU
		{6B153110-6EA5-4304-8CD4-90F766B32094}.Release|Any CPU.Build.0 = Release|Any CPU
		{70B8EE5A-2C05-4DDF-8A3D-BC7E79C747EB}.Debug|Any CPU.ActiveCfg = Debug|Any CPU
		{70B8EE5A-2C05-4DDF-8A3D-BC7E79C747EB}.Debug|Any CPU.Build.0 = Debug|Any CPU
		{70B8EE5A-2C05-4DDF-8A3D-BC7E79C747EB}.Release|Any CPU.ActiveCfg = Release|Any CPU
		{70B8EE5A-2C05-4DDF-8A3D-BC7E79C747EB}.Release|Any CPU.Build.0 = Release|Any CPU
		{D130F15B-CA10-4A7E-B912-0EF925C7ABD5}.Debug|Any CPU.ActiveCfg = Debug|Any CPU
		{D130F15B-CA10-4A7E-B912-0EF925C7ABD5}.Debug|Any CPU.Build.0 = Debug|Any CPU
		{D130F15B-CA10-4A7E-B912-0EF925C7ABD5}.Release|Any CPU.ActiveCfg = Release|Any CPU
		{D130F15B-CA10-4A7E-B912-0EF925C7ABD5}.Release|Any CPU.Build.0 = Release|Any CPU
		{0A85AA92-B45E-4DDB-B0BF-8A403342DC46}.Debug|Any CPU.ActiveCfg = Debug|Any CPU
		{0A85AA92-B45E-4DDB-B0BF-8A403342DC46}.Debug|Any CPU.Build.0 = Debug|Any CPU
		{0A85AA92-B45E-4DDB-B0BF-8A403342DC46}.Release|Any CPU.ActiveCfg = Release|Any CPU
		{0A85AA92-B45E-4DDB-B0BF-8A403342DC46}.Release|Any CPU.Build.0 = Release|Any CPU
		{80EB3FD7-E499-461A-9D80-9CEA0BDDF94B}.Debug|Any CPU.ActiveCfg = Debug|Any CPU
		{80EB3FD7-E499-461A-9D80-9CEA0BDDF94B}.Debug|Any CPU.Build.0 = Debug|Any CPU
		{80EB3FD7-E499-461A-9D80-9CEA0BDDF94B}.Release|Any CPU.ActiveCfg = Release|Any CPU
		{80EB3FD7-E499-461A-9D80-9CEA0BDDF94B}.Release|Any CPU.Build.0 = Release|Any CPU
		{86AFB852-29B7-4FCD-AC8C-4202B8FEF07C}.Debug|Any CPU.ActiveCfg = Debug|Any CPU
		{86AFB852-29B7-4FCD-AC8C-4202B8FEF07C}.Debug|Any CPU.Build.0 = Debug|Any CPU
		{86AFB852-29B7-4FCD-AC8C-4202B8FEF07C}.Release|Any CPU.ActiveCfg = Release|Any CPU
		{86AFB852-29B7-4FCD-AC8C-4202B8FEF07C}.Release|Any CPU.Build.0 = Release|Any CPU
		{D892B6BF-C8AF-45CD-AEFF-002975616457}.Debug|Any CPU.ActiveCfg = Debug|Any CPU
		{D892B6BF-C8AF-45CD-AEFF-002975616457}.Debug|Any CPU.Build.0 = Debug|Any CPU
		{D892B6BF-C8AF-45CD-AEFF-002975616457}.Release|Any CPU.ActiveCfg = Release|Any CPU
		{D892B6BF-C8AF-45CD-AEFF-002975616457}.Release|Any CPU.Build.0 = Release|Any CPU
		{E50F5ACA-1F90-4F00-8DFE-8AD589349533}.Debug|Any CPU.ActiveCfg = Debug|Any CPU
		{E50F5ACA-1F90-4F00-8DFE-8AD589349533}.Debug|Any CPU.Build.0 = Debug|Any CPU
		{E50F5ACA-1F90-4F00-8DFE-8AD589349533}.Release|Any CPU.ActiveCfg = Release|Any CPU
		{E50F5ACA-1F90-4F00-8DFE-8AD589349533}.Release|Any CPU.Build.0 = Release|Any CPU
	EndGlobalSection
	GlobalSection(SolutionProperties) = preSolution
		HideSolutionNode = FALSE
	EndGlobalSection
	GlobalSection(NestedProjects) = preSolution
		{B288387B-3E5A-4532-B8BE-7135D59EF0A3} = {081E304A-DEDD-4009-B620-F044127CF9C1}
		{12414497-2D16-427D-B056-8FF50BAD1B59} = {081E304A-DEDD-4009-B620-F044127CF9C1}
		{21E8D70C-6412-4C0E-AD2A-4B2C2BFE4BAB} = {081E304A-DEDD-4009-B620-F044127CF9C1}
		{6B153110-6EA5-4304-8CD4-90F766B32094} = {1A17EDC7-E02A-491E-8C02-F5D0CE4DF465}
		{70B8EE5A-2C05-4DDF-8A3D-BC7E79C747EB} = {1A17EDC7-E02A-491E-8C02-F5D0CE4DF465}
		{D130F15B-CA10-4A7E-B912-0EF925C7ABD5} = {1A17EDC7-E02A-491E-8C02-F5D0CE4DF465}
		{0A85AA92-B45E-4DDB-B0BF-8A403342DC46} = {1A17EDC7-E02A-491E-8C02-F5D0CE4DF465}
		{80EB3FD7-E499-461A-9D80-9CEA0BDDF94B} = {081E304A-DEDD-4009-B620-F044127CF9C1}
		{86AFB852-29B7-4FCD-AC8C-4202B8FEF07C} = {1A17EDC7-E02A-491E-8C02-F5D0CE4DF465}
		{D892B6BF-C8AF-45CD-AEFF-002975616457} = {1A17EDC7-E02A-491E-8C02-F5D0CE4DF465}
		{E50F5ACA-1F90-4F00-8DFE-8AD589349533} = {1A17EDC7-E02A-491E-8C02-F5D0CE4DF465}
	EndGlobalSection
	GlobalSection(ExtensibilityGlobals) = postSolution
		SolutionGuid = {9E0A47CA-D13C-4198-9CB4-A8DBDF177F00}
	EndGlobalSection
EndGlobal
